
Microsoft Visual Studio Solution File, Format Version 12.00
# Visual Studio 2012
Project("{FAE04EC0-301F-11D3-BF4B-00C04F79EFBC}") = "FirstXamarin.Droid", "Droid\FirstXamarin.Droid.csproj", "{BCE7480F-A456-469B-9BD3-8E4B1532A4C3}"
EndProject
Project("{FAE04EC0-301F-11D3-BF4B-00C04F79EFBC}") = "FirstXamarin.iOS", "iOS\FirstXamarin.iOS.csproj", "{158BBCAB-60FF-4B9F-948E-5C9B8A2E5B0A}"
EndProject
Project("{FAE04EC0-301F-11D3-BF4B-00C04F79EFBC}") = "FirstXamarin", "FirstXamarin\FirstXamarin.csproj", "{B412437C-D668-4330-B781-47D29A8CB5FE}"
EndProject
Global
	GlobalSection(SolutionConfigurationPlatforms) = preSolution
		Debug|Any CPU = Debug|Any CPU
		Release|Any CPU = Release|Any CPU
		Debug|iPhoneSimulator = Debug|iPhoneSimulator
		Release|iPhone = Release|iPhone
		Release|iPhoneSimulator = Release|iPhoneSimulator
		Debug|iPhone = Debug|iPhone
	EndGlobalSection
	GlobalSection(ProjectConfigurationPlatforms) = postSolution
		{BCE7480F-A456-469B-9BD3-8E4B1532A4C3}.Debug|Any CPU.ActiveCfg = Debug|Any CPU
		{BCE7480F-A456-469B-9BD3-8E4B1532A4C3}.Debug|Any CPU.Build.0 = Debug|Any CPU
		{BCE7480F-A456-469B-9BD3-8E4B1532A4C3}.Release|Any CPU.ActiveCfg = Release|Any CPU
		{BCE7480F-A456-469B-9BD3-8E4B1532A4C3}.Release|Any CPU.Build.0 = Release|Any CPU
		{BCE7480F-A456-469B-9BD3-8E4B1532A4C3}.Debug|iPhoneSimulator.ActiveCfg = Debug|Any CPU
		{BCE7480F-A456-469B-9BD3-8E4B1532A4C3}.Debug|iPhoneSimulator.Build.0 = Debug|Any CPU
		{BCE7480F-A456-469B-9BD3-8E4B1532A4C3}.Release|iPhone.ActiveCfg = Release|Any CPU
		{BCE7480F-A456-469B-9BD3-8E4B1532A4C3}.Release|iPhone.Build.0 = Release|Any CPU
		{BCE7480F-A456-469B-9BD3-8E4B1532A4C3}.Release|iPhoneSimulator.ActiveCfg = Release|Any CPU
		{BCE7480F-A456-469B-9BD3-8E4B1532A4C3}.Release|iPhoneSimulator.Build.0 = Release|Any CPU
		{BCE7480F-A456-469B-9BD3-8E4B1532A4C3}.Debug|iPhone.ActiveCfg = Debug|Any CPU
		{BCE7480F-A456-469B-9BD3-8E4B1532A4C3}.Debug|iPhone.Build.0 = Debug|Any CPU
		{158BBCAB-60FF-4B9F-948E-5C9B8A2E5B0A}.Debug|Any CPU.ActiveCfg = Debug|iPhoneSimulator
		{158BBCAB-60FF-4B9F-948E-5C9B8A2E5B0A}.Debug|Any CPU.Build.0 = Debug|iPhoneSimulator
		{158BBCAB-60FF-4B9F-948E-5C9B8A2E5B0A}.Release|Any CPU.ActiveCfg = Release|iPhone
		{158BBCAB-60FF-4B9F-948E-5C9B8A2E5B0A}.Release|Any CPU.Build.0 = Release|iPhone
		{158BBCAB-60FF-4B9F-948E-5C9B8A2E5B0A}.Debug|iPhoneSimulator.ActiveCfg = Debug|iPhoneSimulator
		{158BBCAB-60FF-4B9F-948E-5C9B8A2E5B0A}.Debug|iPhoneSimulator.Build.0 = Debug|iPhoneSimulator
		{158BBCAB-60FF-4B9F-948E-5C9B8A2E5B0A}.Release|iPhone.ActiveCfg = Release|iPhone
		{158BBCAB-60FF-4B9F-948E-5C9B8A2E5B0A}.Release|iPhone.Build.0 = Release|iPhone
		{158BBCAB-60FF-4B9F-948E-5C9B8A2E5B0A}.Release|iPhoneSimulator.ActiveCfg = Release|iPhoneSimulator
		{158BBCAB-60FF-4B9F-948E-5C9B8A2E5B0A}.Release|iPhoneSimulator.Build.0 = Release|iPhoneSimulator
		{158BBCAB-60FF-4B9F-948E-5C9B8A2E5B0A}.Debug|iPhone.ActiveCfg = Debug|iPhone
		{158BBCAB-60FF-4B9F-948E-5C9B8A2E5B0A}.Debug|iPhone.Build.0 = Debug|iPhone
		{B412437C-D668-4330-B781-47D29A8CB5FE}.Debug|Any CPU.ActiveCfg = Debug|Any CPU
		{B412437C-D668-4330-B781-47D29A8CB5FE}.Debug|Any CPU.Build.0 = Debug|Any CPU
		{B412437C-D668-4330-B781-47D29A8CB5FE}.Release|Any CPU.ActiveCfg = Release|Any CPU
		{B412437C-D668-4330-B781-47D29A8CB5FE}.Release|Any CPU.Build.0 = Release|Any CPU
		{B412437C-D668-4330-B781-47D29A8CB5FE}.Debug|iPhoneSimulator.ActiveCfg = Debug|Any CPU
		{B412437C-D668-4330-B781-47D29A8CB5FE}.Debug|iPhoneSimulator.Build.0 = Debug|Any CPU
		{B412437C-D668-4330-B781-47D29A8CB5FE}.Release|iPhone.ActiveCfg = Release|Any CPU
		{B412437C-D668-4330-B781-47D29A8CB5FE}.Release|iPhone.Build.0 = Release|Any CPU
		{B412437C-D668-4330-B781-47D29A8CB5FE}.Release|iPhoneSimulator.ActiveCfg = Release|Any CPU
		{B412437C-D668-4330-B781-47D29A8CB5FE}.Release|iPhoneSimulator.Build.0 = Release|Any CPU
		{B412437C-D668-4330-B781-47D29A8CB5FE}.Debug|iPhone.ActiveCfg = Debug|Any CPU
		{B412437C-D668-4330-B781-47D29A8CB5FE}.Debug|iPhone.Build.0 = Debug|Any CPU
	EndGlobalSection
EndGlobal
